
Microsoft Visual Studio Solution File, Format Version 12.00
# Visual Studio Version 17
VisualStudioVersion = 17.2.32630.192
MinimumVisualStudioVersion = 10.0.40219.1
Project("{9A19103F-16F7-4668-BE54-9A1E7A4F7556}") = "Blinkenlights", "Blinkenlights\Blinkenlights.csproj", "{9EEFCB53-1643-4831-924B-0075824527FC}"
EndProject
Project("{9A19103F-16F7-4668-BE54-9A1E7A4F7556}") = "LiteDbLibrary", "LiteDbLibrary\LiteDbLibrary.csproj", "{014B1DF0-0F49-4662-9587-46A775E4657C}"
EndProject
Project("{9A19103F-16F7-4668-BE54-9A1E7A4F7556}") = "Blinkenlights.Dataschemas", "Dataschemas\Blinkenlights.Dataschemas.csproj", "{4E3F7D05-7C6B-469A-87F2-9C9F3A8A25EE}"
EndProject
Project("{FAE04EC0-301F-11D3-BF4B-00C04F79EFBC}") = "Blinkenlights.DatabaseHandler", "Blinkenlights.DatabaseHandler\Blinkenlights.DatabaseHandler.csproj", "{59A9B629-1DE7-429B-83D2-324B65ECF638}"
EndProject
Global
	GlobalSection(SolutionConfigurationPlatforms) = preSolution
		Debug|Any CPU = Debug|Any CPU
		Release|Any CPU = Release|Any CPU
	EndGlobalSection
	GlobalSection(ProjectConfigurationPlatforms) = postSolution
		{9EEFCB53-1643-4831-924B-0075824527FC}.Debug|Any CPU.ActiveCfg = Debug|Any CPU
		{9EEFCB53-1643-4831-924B-0075824527FC}.Debug|Any CPU.Build.0 = Debug|Any CPU
		{9EEFCB53-1643-4831-924B-0075824527FC}.Release|Any CPU.ActiveCfg = Release|Any CPU
		{9EEFCB53-1643-4831-924B-0075824527FC}.Release|Any CPU.Build.0 = Release|Any CPU
		{014B1DF0-0F49-4662-9587-46A775E4657C}.Debug|Any CPU.ActiveCfg = Debug|Any CPU
		{014B1DF0-0F49-4662-9587-46A775E4657C}.Debug|Any CPU.Build.0 = Debug|Any CPU
		{014B1DF0-0F49-4662-9587-46A775E4657C}.Release|Any CPU.ActiveCfg = Release|Any CPU
		{014B1DF0-0F49-4662-9587-46A775E4657C}.Release|Any CPU.Build.0 = Release|Any CPU
		{4E3F7D05-7C6B-469A-87F2-9C9F3A8A25EE}.Debug|Any CPU.ActiveCfg = Debug|Any CPU
		{4E3F7D05-7C6B-469A-87F2-9C9F3A8A25EE}.Debug|Any CPU.Build.0 = Debug|Any CPU
		{4E3F7D05-7C6B-469A-87F2-9C9F3A8A25EE}.Release|Any CPU.ActiveCfg = Release|Any CPU
		{4E3F7D05-7C6B-469A-87F2-9C9F3A8A25EE}.Release|Any CPU.Build.0 = Release|Any CPU
		{59A9B629-1DE7-429B-83D2-324B65ECF638}.Debug|Any CPU.ActiveCfg = Debug|Any CPU
		{59A9B629-1DE7-429B-83D2-324B65ECF638}.Debug|Any CPU.Build.0 = Debug|Any CPU
		{59A9B629-1DE7-429B-83D2-324B65ECF638}.Release|Any CPU.ActiveCfg = Release|Any CPU
		{59A9B629-1DE7-429B-83D2-324B65ECF638}.Release|Any CPU.Build.0 = Release|Any CPU
	EndGlobalSection
	GlobalSection(SolutionProperties) = preSolution
		HideSolutionNode = FALSE
	EndGlobalSection
	GlobalSection(ExtensibilityGlobals) = postSolution
		SolutionGuid = {F15FAE05-3CE4-4DEE-95B5-5EAFA790328B}
	EndGlobalSection
EndGlobal
